<Solution>
  <Project Path="BackEnd/Pedidos.Api/Pedidos.Api.csproj" />
  <Project Path="BackEnd/Pedidos.Infraestructura/Pedidos.Infraestructura.csproj" />
  <Project Path="BackEnd/Worker.Pedidos/Worker.Pedidos.csproj" />
  <Project Path="BackEnd/Worker.RabbitQM/Worker.RabbitQM.csproj" />
  <Project Path="BackEnd/Shared/Shared.csproj" />
</Solution>
